// !$*UTF8*$!
{
	archiveVersion = 1;
	classes = {
	};
	objectVersion = 50;
	objects = {

/* Begin PBXBuildFile section */
		77C7595126DAF6260012C73A /* barectf-platform-linux-fs.c in Sources */ = {isa = PBXBuildFile; fileRef = 77C7594E26DAF6260012C73A /* barectf-platform-linux-fs.c */; };
		77C7595226DAF6260012C73A /* barectf.c in Sources */ = {isa = PBXBuildFile; fileRef = 77C7594F26DAF6260012C73A /* barectf.c */; };
		77C7596126EA9F1D0012C73A /* ctf_writer.cpp in Sources */ = {isa = PBXBuildFile; fileRef = 77C7596026EA9F1C0012C73A /* ctf_writer.cpp */; };
		77CE34C82627ABF400B70B56 /* main.cpp in Sources */ = {isa = PBXBuildFile; fileRef = 77CE34C72627ABF400B70B56 /* main.cpp */; };
		77CE34DE2627ACAD00B70B56 /* reflection.cpp in Sources */ = {isa = PBXBuildFile; fileRef = 77CE34D02627ACAD00B70B56 /* reflection.cpp */; };
		77CE34E02627ACAD00B70B56 /* tests.cpp in Sources */ = {isa = PBXBuildFile; fileRef = 77CE34D72627ACAD00B70B56 /* tests.cpp */; };
		77CE34E12627ACAD00B70B56 /* log.cpp in Sources */ = {isa = PBXBuildFile; fileRef = 77CE34DC2627ACAD00B70B56 /* log.cpp */; };
		77CE34F92627DFAE00B70B56 /* libfmt.a in Frameworks */ = {isa = PBXBuildFile; fileRef = 77CE34E52627ACDB00B70B56 /* libfmt.a */; };
		77CE34FC262A651F00B70B56 /* test_logging.cpp in Sources */ = {isa = PBXBuildFile; fileRef = 77CE34FB262A651F00B70B56 /* test_logging.cpp */; };
/* End PBXBuildFile section */

/* Begin PBXCopyFilesBuildPhase section */
		77CE34C22627ABF400B70B56 /* CopyFiles */ = {
			isa = PBXCopyFilesBuildPhase;
			buildActionMask = 2147483647;
			dstPath = /usr/share/man/man1/;
			dstSubfolderSpec = 0;
			files = (
			);
			runOnlyForDeploymentPostprocessing = 1;
		};
/* End PBXCopyFilesBuildPhase section */

/* Begin PBXFileReference section */
		77C7594D26DAF6260012C73A /* barectf.h */ = {isa = PBXFileReference; fileEncoding = 4; lastKnownFileType = sourcecode.c.h; path = barectf.h; sourceTree = "<group>"; };
		77C7594E26DAF6260012C73A /* barectf-platform-linux-fs.c */ = {isa = PBXFileReference; fileEncoding = 4; lastKnownFileType = sourcecode.c.c; path = "barectf-platform-linux-fs.c"; sourceTree = "<group>"; };
		77C7594F26DAF6260012C73A /* barectf.c */ = {isa = PBXFileReference; fileEncoding = 4; lastKnownFileType = sourcecode.c.c; path = barectf.c; sourceTree = "<group>"; };
		77C7595026DAF6260012C73A /* barectf-platform-linux-fs.h */ = {isa = PBXFileReference; fileEncoding = 4; lastKnownFileType = sourcecode.c.h; path = "barectf-platform-linux-fs.h"; sourceTree = "<group>"; };
		77C7595D26EA63DC0012C73A /* ctf_writer.hpp */ = {isa = PBXFileReference; lastKnownFileType = sourcecode.cpp.h; path = ctf_writer.hpp; sourceTree = "<group>"; };
		77C7596026EA9F1C0012C73A /* ctf_writer.cpp */ = {isa = PBXFileReference; lastKnownFileType = sourcecode.cpp.cpp; path = ctf_writer.cpp; sourceTree = "<group>"; };
		77C7596326EBF6500012C73A /* ctstring.hpp */ = {isa = PBXFileReference; lastKnownFileType = sourcecode.cpp.h; path = ctstring.hpp; sourceTree = "<group>"; };
		77C7596526ED48820012C73A /* type_traits.hpp */ = {isa = PBXFileReference; lastKnownFileType = sourcecode.cpp.h; path = type_traits.hpp; sourceTree = "<group>"; };
		77CE34C42627ABF400B70B56 /* logger */ = {isa = PBXFileReference; explicitFileType = "compiled.mach-o.executable"; includeInIndex = 0; path = logger; sourceTree = BUILT_PRODUCTS_DIR; };
		77CE34C72627ABF400B70B56 /* main.cpp */ = {isa = PBXFileReference; lastKnownFileType = sourcecode.cpp.cpp; path = main.cpp; sourceTree = "<group>"; };
		77CE34D02627ACAD00B70B56 /* reflection.cpp */ = {isa = PBXFileReference; fileEncoding = 4; lastKnownFileType = sourcecode.cpp.cpp; path = reflection.cpp; sourceTree = "<group>"; };
		77CE34D12627ACAD00B70B56 /* format.hpp */ = {isa = PBXFileReference; fileEncoding = 4; lastKnownFileType = sourcecode.cpp.h; path = format.hpp; sourceTree = "<group>"; };
		77CE34D22627ACAD00B70B56 /* fmt_helpers.hpp */ = {isa = PBXFileReference; fileEncoding = 4; lastKnownFileType = sourcecode.cpp.h; path = fmt_helpers.hpp; sourceTree = "<group>"; };
		77CE34D32627ACAD00B70B56 /* log.hpp */ = {isa = PBXFileReference; fileEncoding = 4; lastKnownFileType = sourcecode.cpp.h; path = log.hpp; sourceTree = "<group>"; };
		77CE34D42627ACAD00B70B56 /* map_macro.hpp */ = {isa = PBXFileReference; fileEncoding = 4; lastKnownFileType = sourcecode.cpp.h; path = map_macro.hpp; sourceTree = "<group>"; };
		77CE34D72627ACAD00B70B56 /* tests.cpp */ = {isa = PBXFileReference; fileEncoding = 4; lastKnownFileType = sourcecode.cpp.cpp; path = tests.cpp; sourceTree = "<group>"; };
		77CE34D92627ACAD00B70B56 /* type_name.hpp */ = {isa = PBXFileReference; fileEncoding = 4; lastKnownFileType = sourcecode.cpp.h; path = type_name.hpp; sourceTree = "<group>"; };
		77CE34DB2627ACAD00B70B56 /* reflection.hpp */ = {isa = PBXFileReference; fileEncoding = 4; lastKnownFileType = sourcecode.cpp.h; path = reflection.hpp; sourceTree = "<group>"; };
		77CE34DC2627ACAD00B70B56 /* log.cpp */ = {isa = PBXFileReference; fileEncoding = 4; lastKnownFileType = sourcecode.cpp.cpp; path = log.cpp; sourceTree = "<group>"; };
		77CE34E52627ACDB00B70B56 /* libfmt.a */ = {isa = PBXFileReference; lastKnownFileType = archive.ar; name = libfmt.a; path = "thirdparty/fmt-7.1.3/build/libfmt.a"; sourceTree = "<group>"; };
		77CE34FB262A651F00B70B56 /* test_logging.cpp */ = {isa = PBXFileReference; fileEncoding = 4; lastKnownFileType = sourcecode.cpp.cpp; path = test_logging.cpp; sourceTree = "<group>"; };
/* End PBXFileReference section */

/* Begin PBXFrameworksBuildPhase section */
		77CE34C12627ABF400B70B56 /* Frameworks */ = {
			isa = PBXFrameworksBuildPhase;
			buildActionMask = 2147483647;
			files = (
				77CE34F92627DFAE00B70B56 /* libfmt.a in Frameworks */,
			);
			runOnlyForDeploymentPostprocessing = 0;
		};
/* End PBXFrameworksBuildPhase section */

/* Begin PBXGroup section */
		77826A48271E11BE00804106 /* src */ = {
			isa = PBXGroup;
			children = (
				77C75972270075AF0012C73A /* barectf */,
				77C7596326EBF6500012C73A /* ctstring.hpp */,
				77C7595D26EA63DC0012C73A /* ctf_writer.hpp */,
				77C7596026EA9F1C0012C73A /* ctf_writer.cpp */,
				77CE34D22627ACAD00B70B56 /* fmt_helpers.hpp */,
				77CE34D12627ACAD00B70B56 /* format.hpp */,
				77CE34DC2627ACAD00B70B56 /* log.cpp */,
				77CE34D32627ACAD00B70B56 /* log.hpp */,
				77CE34D42627ACAD00B70B56 /* map_macro.hpp */,
				77CE34D02627ACAD00B70B56 /* reflection.cpp */,
				77CE34DB2627ACAD00B70B56 /* reflection.hpp */,
				77CE34D92627ACAD00B70B56 /* type_name.hpp */,
				77C7596526ED48820012C73A /* type_traits.hpp */,
			);
			path = src;
			sourceTree = "<group>";
		};
		77826A49271E120800804106 /* test */ = {
			isa = PBXGroup;
			children = (
				77CE34C72627ABF400B70B56 /* main.cpp */,
				77CE34D72627ACAD00B70B56 /* tests.cpp */,
				77CE34FB262A651F00B70B56 /* test_logging.cpp */,
			);
			path = test;
			sourceTree = "<group>";
		};
		77C75972270075AF0012C73A /* barectf */ = {
			isa = PBXGroup;
			children = (
				77C7594D26DAF6260012C73A /* barectf.h */,
				77C7594F26DAF6260012C73A /* barectf.c */,
				77C7595026DAF6260012C73A /* barectf-platform-linux-fs.h */,
				77C7594E26DAF6260012C73A /* barectf-platform-linux-fs.c */,
			);
			path = barectf;
			sourceTree = "<group>";
		};
		77CE34BB2627ABF400B70B56 = {
			isa = PBXGroup;
			children = (
				77826A49271E120800804106 /* test */,
				77826A48271E11BE00804106 /* src */,
				77CE34C52627ABF400B70B56 /* Products */,
				77CE34E42627ACDB00B70B56 /* Frameworks */,
			);
			sourceTree = "<group>";
		};
		77CE34C52627ABF400B70B56 /* Products */ = {
			isa = PBXGroup;
			children = (
				77CE34C42627ABF400B70B56 /* logger */,
			);
			name = Products;
			sourceTree = "<group>";
		};
		77CE34E42627ACDB00B70B56 /* Frameworks */ = {
			isa = PBXGroup;
			children = (
				77CE34E52627ACDB00B70B56 /* libfmt.a */,
			);
			name = Frameworks;
			sourceTree = "<group>";
		};
/* End PBXGroup section */

/* Begin PBXNativeTarget section */
		77CE34C32627ABF400B70B56 /* logger */ = {
			isa = PBXNativeTarget;
			buildConfigurationList = 77CE34CB2627ABF400B70B56 /* Build configuration list for PBXNativeTarget "logger" */;
			buildPhases = (
				77CE34C02627ABF400B70B56 /* Sources */,
				77CE34C12627ABF400B70B56 /* Frameworks */,
				77CE34C22627ABF400B70B56 /* CopyFiles */,
			);
			buildRules = (
			);
			dependencies = (
			);
			name = logger;
			productName = logger;
			productReference = 77CE34C42627ABF400B70B56 /* logger */;
			productType = "com.apple.product-type.tool";
		};
/* End PBXNativeTarget section */

/* Begin PBXProject section */
		77CE34BC2627ABF400B70B56 /* Project object */ = {
			isa = PBXProject;
			attributes = {
				LastUpgradeCheck = 1240;
				TargetAttributes = {
					77CE34C32627ABF400B70B56 = {
						CreatedOnToolsVersion = 12.4;
					};
				};
			};
			buildConfigurationList = 77CE34BF2627ABF400B70B56 /* Build configuration list for PBXProject "logger" */;
			compatibilityVersion = "Xcode 9.3";
			developmentRegion = en;
			hasScannedForEncodings = 0;
			knownRegions = (
				en,
				Base,
			);
			mainGroup = 77CE34BB2627ABF400B70B56;
			productRefGroup = 77CE34C52627ABF400B70B56 /* Products */;
			projectDirPath = "";
			projectRoot = "";
			targets = (
				77CE34C32627ABF400B70B56 /* logger */,
			);
		};
/* End PBXProject section */

/* Begin PBXSourcesBuildPhase section */
		77CE34C02627ABF400B70B56 /* Sources */ = {
			isa = PBXSourcesBuildPhase;
			buildActionMask = 2147483647;
			files = (
				77C7595226DAF6260012C73A /* barectf.c in Sources */,
				77CE34FC262A651F00B70B56 /* test_logging.cpp in Sources */,
				77CE34DE2627ACAD00B70B56 /* reflection.cpp in Sources */,
				77C7596126EA9F1D0012C73A /* ctf_writer.cpp in Sources */,
				77C7595126DAF6260012C73A /* barectf-platform-linux-fs.c in Sources */,
				77CE34E02627ACAD00B70B56 /* tests.cpp in Sources */,
				77CE34C82627ABF400B70B56 /* main.cpp in Sources */,
				77CE34E12627ACAD00B70B56 /* log.cpp in Sources */,
			);
			runOnlyForDeploymentPostprocessing = 0;
		};
/* End PBXSourcesBuildPhase section */

/* Begin XCBuildConfiguration section */
		77CE34C92627ABF400B70B56 /* Debug */ = {
			isa = XCBuildConfiguration;
			buildSettings = {
				ALWAYS_SEARCH_USER_PATHS = NO;
				CLANG_ANALYZER_NONNULL = YES;
				CLANG_ANALYZER_NUMBER_OBJECT_CONVERSION = YES_AGGRESSIVE;
				CLANG_CXX_LANGUAGE_STANDARD = "gnu++14";
				CLANG_CXX_LIBRARY = "libc++";
				CLANG_ENABLE_MODULES = YES;
				CLANG_ENABLE_OBJC_ARC = YES;
				CLANG_ENABLE_OBJC_WEAK = YES;
				CLANG_WARN_BLOCK_CAPTURE_AUTORELEASING = YES;
				CLANG_WARN_BOOL_CONVERSION = YES;
				CLANG_WARN_COMMA = YES;
				CLANG_WARN_CONSTANT_CONVERSION = YES;
				CLANG_WARN_DEPRECATED_OBJC_IMPLEMENTATIONS = YES;
				CLANG_WARN_DIRECT_OBJC_ISA_USAGE = YES_ERROR;
				CLANG_WARN_DOCUMENTATION_COMMENTS = YES;
				CLANG_WARN_EMPTY_BODY = YES;
				CLANG_WARN_ENUM_CONVERSION = YES;
				CLANG_WARN_INFINITE_RECURSION = YES;
				CLANG_WARN_INT_CONVERSION = YES;
				CLANG_WARN_NON_LITERAL_NULL_CONVERSION = YES;
				CLANG_WARN_OBJC_IMPLICIT_RETAIN_SELF = YES;
				CLANG_WARN_OBJC_LITERAL_CONVERSION = YES;
				CLANG_WARN_OBJC_ROOT_CLASS = YES_ERROR;
				CLANG_WARN_QUOTED_INCLUDE_IN_FRAMEWORK_HEADER = YES;
				CLANG_WARN_RANGE_LOOP_ANALYSIS = YES;
				CLANG_WARN_STRICT_PROTOTYPES = YES;
				CLANG_WARN_SUSPICIOUS_MOVE = YES;
				CLANG_WARN_UNGUARDED_AVAILABILITY = YES_AGGRESSIVE;
				CLANG_WARN_UNREACHABLE_CODE = YES;
				CLANG_WARN__DUPLICATE_METHOD_MATCH = YES;
				COPY_PHASE_STRIP = NO;
				DEBUG_INFORMATION_FORMAT = dwarf;
				ENABLE_STRICT_OBJC_MSGSEND = YES;
				ENABLE_TESTABILITY = YES;
				GCC_C_LANGUAGE_STANDARD = gnu11;
				GCC_DYNAMIC_NO_PIC = NO;
				GCC_NO_COMMON_BLOCKS = YES;
				GCC_OPTIMIZATION_LEVEL = 0;
				GCC_PREPROCESSOR_DEFINITIONS = (
					"DEBUG=1",
					"$(inherited)",
				);
				GCC_WARN_64_TO_32_BIT_CONVERSION = YES;
				GCC_WARN_ABOUT_RETURN_TYPE = YES_ERROR;
				GCC_WARN_UNDECLARED_SELECTOR = YES;
				GCC_WARN_UNINITIALIZED_AUTOS = YES_AGGRESSIVE;
				GCC_WARN_UNUSED_FUNCTION = YES;
				GCC_WARN_UNUSED_VARIABLE = YES;
				MACOSX_DEPLOYMENT_TARGET = 10.15;
				MTL_ENABLE_DEBUG_INFO = INCLUDE_SOURCE;
				MTL_FAST_MATH = YES;
				ONLY_ACTIVE_ARCH = YES;
				SDKROOT = macosx;
			};
			name = Debug;
		};
		77CE34CA2627ABF400B70B56 /* Release */ = {
			isa = XCBuildConfiguration;
			buildSettings = {
				ALWAYS_SEARCH_USER_PATHS = NO;
				CLANG_ANALYZER_NONNULL = YES;
				CLANG_ANALYZER_NUMBER_OBJECT_CONVERSION = YES_AGGRESSIVE;
				CLANG_CXX_LANGUAGE_STANDARD = "gnu++14";
				CLANG_CXX_LIBRARY = "libc++";
				CLANG_ENABLE_MODULES = YES;
				CLANG_ENABLE_OBJC_ARC = YES;
				CLANG_ENABLE_OBJC_WEAK = YES;
				CLANG_WARN_BLOCK_CAPTURE_AUTORELEASING = YES;
				CLANG_WARN_BOOL_CONVERSION = YES;
				CLANG_WARN_COMMA = YES;
				CLANG_WARN_CONSTANT_CONVERSION = YES;
				CLANG_WARN_DEPRECATED_OBJC_IMPLEMENTATIONS = YES;
				CLANG_WARN_DIRECT_OBJC_ISA_USAGE = YES_ERROR;
				CLANG_WARN_DOCUMENTATION_COMMENTS = YES;
				CLANG_WARN_EMPTY_BODY = YES;
				CLANG_WARN_ENUM_CONVERSION = YES;
				CLANG_WARN_INFINITE_RECURSION = YES;
				CLANG_WARN_INT_CONVERSION = YES;
				CLANG_WARN_NON_LITERAL_NULL_CONVERSION = YES;
				CLANG_WARN_OBJC_IMPLICIT_RETAIN_SELF = YES;
				CLANG_WARN_OBJC_LITERAL_CONVERSION = YES;
				CLANG_WARN_OBJC_ROOT_CLASS = YES_ERROR;
				CLANG_WARN_QUOTED_INCLUDE_IN_FRAMEWORK_HEADER = YES;
				CLANG_WARN_RANGE_LOOP_ANALYSIS = YES;
				CLANG_WARN_STRICT_PROTOTYPES = YES;
				CLANG_WARN_SUSPICIOUS_MOVE = YES;
				CLANG_WARN_UNGUARDED_AVAILABILITY = YES_AGGRESSIVE;
				CLANG_WARN_UNREACHABLE_CODE = YES;
				CLANG_WARN__DUPLICATE_METHOD_MATCH = YES;
				COPY_PHASE_STRIP = NO;
				DEBUG_INFORMATION_FORMAT = "dwarf-with-dsym";
				ENABLE_NS_ASSERTIONS = NO;
				ENABLE_STRICT_OBJC_MSGSEND = YES;
				GCC_C_LANGUAGE_STANDARD = gnu11;
				GCC_NO_COMMON_BLOCKS = YES;
				GCC_WARN_64_TO_32_BIT_CONVERSION = YES;
				GCC_WARN_ABOUT_RETURN_TYPE = YES_ERROR;
				GCC_WARN_UNDECLARED_SELECTOR = YES;
				GCC_WARN_UNINITIALIZED_AUTOS = YES_AGGRESSIVE;
				GCC_WARN_UNUSED_FUNCTION = YES;
				GCC_WARN_UNUSED_VARIABLE = YES;
				MACOSX_DEPLOYMENT_TARGET = 10.15;
				MTL_ENABLE_DEBUG_INFO = NO;
				MTL_FAST_MATH = YES;
				SDKROOT = macosx;
			};
			name = Release;
		};
		77CE34CC2627ABF400B70B56 /* Debug */ = {
			isa = XCBuildConfiguration;
			buildSettings = {
				CLANG_CXX_LANGUAGE_STANDARD = "c++17";
				CLANG_CXX_LIBRARY = "libc++";
				CODE_SIGN_STYLE = Automatic;
				GCC_C_LANGUAGE_STANDARD = c11;
				HEADER_SEARCH_PATHS = (
					src,
					"thirdparty/fmt-7.1.3/include",
					thirdparty,
					thirdparty/magic_enum/include,
					thirdparty/catch2/single_include,
				);
				LIBRARY_SEARCH_PATHS = (
					"$(inherited)",
					"$(PROJECT_DIR)/thirdparty/fmt-7.1.3/build",
				);
				ONLY_ACTIVE_ARCH = YES;
				PRODUCT_NAME = "$(TARGET_NAME)";
			};
			name = Debug;
		};
		77CE34CD2627ABF400B70B56 /* Release */ = {
			isa = XCBuildConfiguration;
			buildSettings = {
				CLANG_CXX_LANGUAGE_STANDARD = "c++17";
				CLANG_CXX_LIBRARY = "libc++";
				CODE_SIGN_STYLE = Automatic;
				GCC_C_LANGUAGE_STANDARD = c11;
				HEADER_SEARCH_PATHS = (
					src,
					"thirdparty/fmt-7.1.3/include",
					thirdparty,
					thirdparty/magic_enum/include,
					thirdparty/catch2/single_include,
				);
				LIBRARY_SEARCH_PATHS = (
					"$(inherited)",
					"$(PROJECT_DIR)/thirdparty/fmt-7.1.3/build",
				);
				ONLY_ACTIVE_ARCH = YES;
				PRODUCT_NAME = "$(TARGET_NAME)";
			};
			name = Release;
		};
/* End XCBuildConfiguration section */

/* Begin XCConfigurationList section */
		77CE34BF2627ABF400B70B56 /* Build configuration list for PBXProject "logger" */ = {
			isa = XCConfigurationList;
			buildConfigurations = (
				77CE34C92627ABF400B70B56 /* Debug */,
				77CE34CA2627ABF400B70B56 /* Release */,
			);
			defaultConfigurationIsVisible = 0;
			defaultConfigurationName = Release;
		};
		77CE34CB2627ABF400B70B56 /* Build configuration list for PBXNativeTarget "logger" */ = {
			isa = XCConfigurationList;
			buildConfigurations = (
				77CE34CC2627ABF400B70B56 /* Debug */,
				77CE34CD2627ABF400B70B56 /* Release */,
			);
			defaultConfigurationIsVisible = 0;
			defaultConfigurationName = Release;
		};
/* End XCConfigurationList section */
	};
	rootObject = 77CE34BC2627ABF400B70B56 /* Project object */;
}
