// !$*UTF8*$!
{
	archiveVersion = 1;
	classes = {
	};
	objectVersion = 48;
	objects = {

/* Begin PBXBuildFile section */
		771F0B7A2422D7FD00AFD02B /* main.cpp in Sources */ = {isa = PBXBuildFile; fileRef = 771F0B792422D7FD00AFD02B /* main.cpp */; };
		777DDEFE25F6F7D8006B5FFF /* somewhere.cpp in Sources */ = {isa = PBXBuildFile; fileRef = 777DDEFC25F6F7D8006B5FFF /* somewhere.cpp */; };
		77CFE436260FBAF9008C39BE /* tests.cpp in Sources */ = {isa = PBXBuildFile; fileRef = 77CFE435260FBAF9008C39BE /* tests.cpp */; };
		77CFE44E26171F3D008C39BE /* libfmt.a in Frameworks */ = {isa = PBXBuildFile; fileRef = 77CFE44D26171F3D008C39BE /* libfmt.a */; };
/* End PBXBuildFile section */

/* Begin PBXCopyFilesBuildPhase section */
		771F0B742422D7FD00AFD02B /* CopyFiles */ = {
			isa = PBXCopyFilesBuildPhase;
			buildActionMask = 2147483647;
			dstPath = /usr/share/man/man1/;
			dstSubfolderSpec = 0;
			files = (
			);
			runOnlyForDeploymentPostprocessing = 1;
		};
/* End PBXCopyFilesBuildPhase section */

/* Begin PBXFileReference section */
		771F0B762422D7FD00AFD02B /* template_fun */ = {isa = PBXFileReference; explicitFileType = "compiled.mach-o.executable"; includeInIndex = 0; path = template_fun; sourceTree = BUILT_PRODUCTS_DIR; };
		771F0B792422D7FD00AFD02B /* main.cpp */ = {isa = PBXFileReference; lastKnownFileType = sourcecode.cpp.cpp; path = main.cpp; sourceTree = "<group>"; };
		777DDEFC25F6F7D8006B5FFF /* somewhere.cpp */ = {isa = PBXFileReference; lastKnownFileType = sourcecode.cpp.cpp; path = somewhere.cpp; sourceTree = "<group>"; };
		777DDEFD25F6F7D8006B5FFF /* somewhere.hpp */ = {isa = PBXFileReference; lastKnownFileType = sourcecode.cpp.h; path = somewhere.hpp; sourceTree = "<group>"; };
		777DDEFF25F9691D006B5FFF /* log.hpp */ = {isa = PBXFileReference; lastKnownFileType = sourcecode.cpp.h; path = log.hpp; sourceTree = "<group>"; };
		777DDF0025FC1A34006B5FFF /* format.hpp */ = {isa = PBXFileReference; lastKnownFileType = sourcecode.cpp.h; path = format.hpp; sourceTree = "<group>"; };
		77CFE431260EB00A008C39BE /* map_macro.hpp */ = {isa = PBXFileReference; lastKnownFileType = sourcecode.cpp.h; path = map_macro.hpp; sourceTree = "<group>"; };
		77CFE433260F442C008C39BE /* reflection.hpp */ = {isa = PBXFileReference; lastKnownFileType = sourcecode.cpp.h; path = reflection.hpp; sourceTree = "<group>"; };
		77CFE435260FBAF9008C39BE /* tests.cpp */ = {isa = PBXFileReference; lastKnownFileType = sourcecode.cpp.cpp; path = tests.cpp; sourceTree = "<group>"; };
		77CFE44726164221008C39BE /* ctti_helpers.hpp */ = {isa = PBXFileReference; lastKnownFileType = sourcecode.cpp.h; path = ctti_helpers.hpp; sourceTree = "<group>"; };
		77CFE44D26171F3D008C39BE /* libfmt.a */ = {isa = PBXFileReference; lastKnownFileType = archive.ar; name = libfmt.a; path = "thirdparty/fmt-7.1.3/build/libfmt.a"; sourceTree = "<group>"; };
		77CFE4502617C037008C39BE /* fmt_helpers.hpp */ = {isa = PBXFileReference; lastKnownFileType = sourcecode.cpp.h; path = fmt_helpers.hpp; sourceTree = "<group>"; };
		77D4D9D025FED8440022D153 /* etw.hpp */ = {isa = PBXFileReference; lastKnownFileType = sourcecode.cpp.h; path = etw.hpp; sourceTree = "<group>"; };
/* End PBXFileReference section */

/* Begin PBXFrameworksBuildPhase section */
		771F0B732422D7FD00AFD02B /* Frameworks */ = {
			isa = PBXFrameworksBuildPhase;
			buildActionMask = 2147483647;
			files = (
				77CFE44E26171F3D008C39BE /* libfmt.a in Frameworks */,
			);
			runOnlyForDeploymentPostprocessing = 0;
		};
/* End PBXFrameworksBuildPhase section */

/* Begin PBXGroup section */
		771F0B6D2422D7FD00AFD02B = {
			isa = PBXGroup;
			children = (
				771F0B782422D7FD00AFD02B /* template_fun */,
				771F0B772422D7FD00AFD02B /* Products */,
				77CFE44C26171F3D008C39BE /* Frameworks */,
			);
			sourceTree = "<group>";
		};
		771F0B772422D7FD00AFD02B /* Products */ = {
			isa = PBXGroup;
			children = (
				771F0B762422D7FD00AFD02B /* template_fun */,
			);
			name = Products;
			sourceTree = "<group>";
		};
		771F0B782422D7FD00AFD02B /* template_fun */ = {
			isa = PBXGroup;
			children = (
				771F0B792422D7FD00AFD02B /* main.cpp */,
				777DDEFC25F6F7D8006B5FFF /* somewhere.cpp */,
				777DDEFD25F6F7D8006B5FFF /* somewhere.hpp */,
				777DDEFF25F9691D006B5FFF /* log.hpp */,
				777DDF0025FC1A34006B5FFF /* format.hpp */,
				77D4D9D025FED8440022D153 /* etw.hpp */,
				77CFE431260EB00A008C39BE /* map_macro.hpp */,
				77CFE433260F442C008C39BE /* reflection.hpp */,
				77CFE435260FBAF9008C39BE /* tests.cpp */,
				77CFE44726164221008C39BE /* ctti_helpers.hpp */,
				77CFE4502617C037008C39BE /* fmt_helpers.hpp */,
			);
			path = template_fun;
			sourceTree = "<group>";
		};
		77CFE44C26171F3D008C39BE /* Frameworks */ = {
			isa = PBXGroup;
			children = (
				77CFE44D26171F3D008C39BE /* libfmt.a */,
			);
			name = Frameworks;
			sourceTree = "<group>";
		};
/* End PBXGroup section */

/* Begin PBXNativeTarget section */
		771F0B752422D7FD00AFD02B /* template_fun */ = {
			isa = PBXNativeTarget;
			buildConfigurationList = 771F0B7D2422D7FD00AFD02B /* Build configuration list for PBXNativeTarget "template_fun" */;
			buildPhases = (
				771F0B722422D7FD00AFD02B /* Sources */,
				771F0B732422D7FD00AFD02B /* Frameworks */,
				771F0B742422D7FD00AFD02B /* CopyFiles */,
			);
			buildRules = (
			);
			dependencies = (
			);
			name = template_fun;
			productName = template_fun;
			productReference = 771F0B762422D7FD00AFD02B /* template_fun */;
			productType = "com.apple.product-type.tool";
		};
/* End PBXNativeTarget section */

/* Begin PBXProject section */
		771F0B6E2422D7FD00AFD02B /* Project object */ = {
			isa = PBXProject;
			attributes = {
				LastUpgradeCheck = 1240;
				ORGANIZATIONNAME = "Mayur Patel";
				TargetAttributes = {
					771F0B752422D7FD00AFD02B = {
						CreatedOnToolsVersion = 9.2;
						ProvisioningStyle = Automatic;
					};
				};
			};
			buildConfigurationList = 771F0B712422D7FD00AFD02B /* Build configuration list for PBXProject "template_fun" */;
			compatibilityVersion = "Xcode 8.0";
			developmentRegion = en;
			hasScannedForEncodings = 0;
			knownRegions = (
				en,
				Base,
			);
			mainGroup = 771F0B6D2422D7FD00AFD02B;
			productRefGroup = 771F0B772422D7FD00AFD02B /* Products */;
			projectDirPath = "";
			projectRoot = "";
			targets = (
				771F0B752422D7FD00AFD02B /* template_fun */,
			);
		};
/* End PBXProject section */

/* Begin PBXSourcesBuildPhase section */
		771F0B722422D7FD00AFD02B /* Sources */ = {
			isa = PBXSourcesBuildPhase;
			buildActionMask = 2147483647;
			files = (
				771F0B7A2422D7FD00AFD02B /* main.cpp in Sources */,
				777DDEFE25F6F7D8006B5FFF /* somewhere.cpp in Sources */,
				77CFE436260FBAF9008C39BE /* tests.cpp in Sources */,
			);
			runOnlyForDeploymentPostprocessing = 0;
		};
/* End PBXSourcesBuildPhase section */

/* Begin XCBuildConfiguration section */
		771F0B7B2422D7FD00AFD02B /* Debug */ = {
			isa = XCBuildConfiguration;
			buildSettings = {
				ALWAYS_SEARCH_USER_PATHS = NO;
				CLANG_ANALYZER_NONNULL = YES;
				CLANG_ANALYZER_NUMBER_OBJECT_CONVERSION = YES_AGGRESSIVE;
				CLANG_CXX_LANGUAGE_STANDARD = "c++17";
				CLANG_CXX_LIBRARY = "libc++";
				CLANG_ENABLE_MODULES = YES;
				CLANG_ENABLE_OBJC_ARC = YES;
				CLANG_WARN_BLOCK_CAPTURE_AUTORELEASING = YES;
				CLANG_WARN_BOOL_CONVERSION = YES;
				CLANG_WARN_COMMA = YES;
				CLANG_WARN_CONSTANT_CONVERSION = YES;
				CLANG_WARN_DEPRECATED_OBJC_IMPLEMENTATIONS = YES;
				CLANG_WARN_DIRECT_OBJC_ISA_USAGE = YES_ERROR;
				CLANG_WARN_DOCUMENTATION_COMMENTS = YES;
				CLANG_WARN_EMPTY_BODY = YES;
				CLANG_WARN_ENUM_CONVERSION = YES;
				CLANG_WARN_INFINITE_RECURSION = YES;
				CLANG_WARN_INT_CONVERSION = YES;
				CLANG_WARN_NON_LITERAL_NULL_CONVERSION = YES;
				CLANG_WARN_OBJC_IMPLICIT_RETAIN_SELF = YES;
				CLANG_WARN_OBJC_LITERAL_CONVERSION = YES;
				CLANG_WARN_OBJC_ROOT_CLASS = YES_ERROR;
				CLANG_WARN_QUOTED_INCLUDE_IN_FRAMEWORK_HEADER = YES;
				CLANG_WARN_RANGE_LOOP_ANALYSIS = YES;
				CLANG_WARN_STRICT_PROTOTYPES = YES;
				CLANG_WARN_SUSPICIOUS_MOVE = YES;
				CLANG_WARN_UNGUARDED_AVAILABILITY = YES_AGGRESSIVE;
				CLANG_WARN_UNREACHABLE_CODE = YES;
				CLANG_WARN__DUPLICATE_METHOD_MATCH = YES;
				CODE_SIGN_IDENTITY = "-";
				COPY_PHASE_STRIP = NO;
				DEBUG_INFORMATION_FORMAT = dwarf;
				ENABLE_STRICT_OBJC_MSGSEND = YES;
				ENABLE_TESTABILITY = YES;
				GCC_C_LANGUAGE_STANDARD = "compiler-default";
				GCC_DYNAMIC_NO_PIC = NO;
				GCC_NO_COMMON_BLOCKS = YES;
				GCC_OPTIMIZATION_LEVEL = 0;
				GCC_PREPROCESSOR_DEFINITIONS = (
					"DEBUG=1",
					"$(inherited)",
				);
				GCC_WARN_64_TO_32_BIT_CONVERSION = YES;
				GCC_WARN_ABOUT_RETURN_TYPE = YES_ERROR;
				GCC_WARN_UNDECLARED_SELECTOR = YES;
				GCC_WARN_UNINITIALIZED_AUTOS = YES_AGGRESSIVE;
				GCC_WARN_UNUSED_FUNCTION = YES;
				GCC_WARN_UNUSED_VARIABLE = YES;
				HEADER_SEARCH_PATHS = (
					thirdparty,
					thirdparty/ctti/include,
					thirdparty/ctti/include/ctti,
					"thirdparty/fmt-7.1.3/include",
				);
				LIBRARY_SEARCH_PATHS = "thirdparty/fmt-7.1.3/build";
				MACOSX_DEPLOYMENT_TARGET = 10.13;
				MTL_ENABLE_DEBUG_INFO = YES;
				ONLY_ACTIVE_ARCH = YES;
				SDKROOT = macosx;
			};
			name = Debug;
		};
		771F0B7C2422D7FD00AFD02B /* Release */ = {
			isa = XCBuildConfiguration;
			buildSettings = {
				ALWAYS_SEARCH_USER_PATHS = NO;
				CLANG_ANALYZER_NONNULL = YES;
				CLANG_ANALYZER_NUMBER_OBJECT_CONVERSION = YES_AGGRESSIVE;
				CLANG_CXX_LANGUAGE_STANDARD = "c++17";
				CLANG_CXX_LIBRARY = "libc++";
				CLANG_ENABLE_MODULES = YES;
				CLANG_ENABLE_OBJC_ARC = YES;
				CLANG_WARN_BLOCK_CAPTURE_AUTORELEASING = YES;
				CLANG_WARN_BOOL_CONVERSION = YES;
				CLANG_WARN_COMMA = YES;
				CLANG_WARN_CONSTANT_CONVERSION = YES;
				CLANG_WARN_DEPRECATED_OBJC_IMPLEMENTATIONS = YES;
				CLANG_WARN_DIRECT_OBJC_ISA_USAGE = YES_ERROR;
				CLANG_WARN_DOCUMENTATION_COMMENTS = YES;
				CLANG_WARN_EMPTY_BODY = YES;
				CLANG_WARN_ENUM_CONVERSION = YES;
				CLANG_WARN_INFINITE_RECURSION = YES;
				CLANG_WARN_INT_CONVERSION = YES;
				CLANG_WARN_NON_LITERAL_NULL_CONVERSION = YES;
				CLANG_WARN_OBJC_IMPLICIT_RETAIN_SELF = YES;
				CLANG_WARN_OBJC_LITERAL_CONVERSION = YES;
				CLANG_WARN_OBJC_ROOT_CLASS = YES_ERROR;
				CLANG_WARN_QUOTED_INCLUDE_IN_FRAMEWORK_HEADER = YES;
				CLANG_WARN_RANGE_LOOP_ANALYSIS = YES;
				CLANG_WARN_STRICT_PROTOTYPES = YES;
				CLANG_WARN_SUSPICIOUS_MOVE = YES;
				CLANG_WARN_UNGUARDED_AVAILABILITY = YES_AGGRESSIVE;
				CLANG_WARN_UNREACHABLE_CODE = YES;
				CLANG_WARN__DUPLICATE_METHOD_MATCH = YES;
				CODE_SIGN_IDENTITY = "-";
				COPY_PHASE_STRIP = NO;
				DEBUG_INFORMATION_FORMAT = "dwarf-with-dsym";
				ENABLE_NS_ASSERTIONS = NO;
				ENABLE_STRICT_OBJC_MSGSEND = YES;
				GCC_C_LANGUAGE_STANDARD = "compiler-default";
				GCC_NO_COMMON_BLOCKS = YES;
				GCC_WARN_64_TO_32_BIT_CONVERSION = YES;
				GCC_WARN_ABOUT_RETURN_TYPE = YES_ERROR;
				GCC_WARN_UNDECLARED_SELECTOR = YES;
				GCC_WARN_UNINITIALIZED_AUTOS = YES_AGGRESSIVE;
				GCC_WARN_UNUSED_FUNCTION = YES;
				GCC_WARN_UNUSED_VARIABLE = YES;
				HEADER_SEARCH_PATHS = (
					thirdparty,
					thirdparty/ctti/include,
					thirdparty/ctti/include/ctti,
					"thirdparty/fmt-7.1.3/include",
				);
				LIBRARY_SEARCH_PATHS = "thirdparty/fmt-7.1.3/build";
				MACOSX_DEPLOYMENT_TARGET = 10.13;
				MTL_ENABLE_DEBUG_INFO = NO;
				SDKROOT = macosx;
			};
			name = Release;
		};
		77CFE442260FBFBE008C39BE /* Debug */ = {
			isa = XCBuildConfiguration;
			buildSettings = {
				COPY_PHASE_STRIP = NO;
				GCC_DYNAMIC_NO_PIC = NO;
				GCC_OPTIMIZATION_LEVEL = 0;
				LIBRARY_SEARCH_PATHS = (
					"$(inherited)",
					"$(PROJECT_DIR)/thirdparty/fmt-7.1.3/build",
				);
				PRODUCT_NAME = template_fun;
			};
			name = Debug;
		};
		77CFE443260FBFBE008C39BE /* Release */ = {
			isa = XCBuildConfiguration;
			buildSettings = {
				COPY_PHASE_STRIP = YES;
				DEBUG_INFORMATION_FORMAT = "dwarf-with-dsym";
				LIBRARY_SEARCH_PATHS = (
					"$(inherited)",
					"$(PROJECT_DIR)/thirdparty/fmt-7.1.3/build",
				);
				PRODUCT_NAME = template_fun;
			};
			name = Release;
		};
/* End XCBuildConfiguration section */

/* Begin XCConfigurationList section */
		771F0B712422D7FD00AFD02B /* Build configuration list for PBXProject "template_fun" */ = {
			isa = XCConfigurationList;
			buildConfigurations = (
				771F0B7B2422D7FD00AFD02B /* Debug */,
				771F0B7C2422D7FD00AFD02B /* Release */,
			);
			defaultConfigurationIsVisible = 0;
			defaultConfigurationName = Release;
		};
		771F0B7D2422D7FD00AFD02B /* Build configuration list for PBXNativeTarget "template_fun" */ = {
			isa = XCConfigurationList;
			buildConfigurations = (
				77CFE442260FBFBE008C39BE /* Debug */,
				77CFE443260FBFBE008C39BE /* Release */,
			);
			defaultConfigurationIsVisible = 0;
			defaultConfigurationName = Release;
		};
/* End XCConfigurationList section */
	};
	rootObject = 771F0B6E2422D7FD00AFD02B /* Project object */;
}
